<Solution>
  <Folder Name="/src/">
    <Project Path="src/GameOfLife.Api/GameOfLife.Api.csproj" />
    <Project Path="src/GameOfLife.Application/GameOfLife.Application.csproj" />
    <Project Path="src/GameOfLife.Domain/GameOfLife.Domain.csproj" />
    <Project Path="src/GameOfLife.Infrastructure/GameOfLife.Infrastructure.csproj" />
  </Folder>
  <Folder Name="/tests/">
    <Project Path="tests/GameOfLife.Api.IntegrationTests/GameOfLife.Api.IntegrationTests.csproj" />
    <Project Path="tests/GameOfLife.Application.Tests/GameOfLife.Application.Tests.csproj" />
    <Project Path="tests/GameOfLife.Domain.Tests/GameOfLife.Domain.Tests.csproj" />
    <Project Path="tests/GameOfLife.Infrastructure.Tests/GameOfLife.Infrastructure.Tests.csproj" />
  </Folder>
</Solution>
